
Microsoft Visual Studio Solution File, Format Version 12.00
Project("{FAE04EC0-301F-11D3-BF4B-00C04F79EFBC}") = "Askme.Reference.Backend.Api", "Askme.Reference.Backend.Api.csproj", "{9EA54D6B-583F-40E7-A35D-91F6F82B3578}"
EndProject
Global
	GlobalSection(SolutionConfigurationPlatforms) = preSolution
		Debug|Any CPU = Debug|Any CPU
		Release|Any CPU = Release|Any CPU
	EndGlobalSection
	GlobalSection(ProjectConfigurationPlatforms) = postSolution
		{9EA54D6B-583F-40E7-A35D-91F6F82B3578}.Debug|Any CPU.ActiveCfg = Debug|Any CPU
		{9EA54D6B-583F-40E7-A35D-91F6F82B3578}.Debug|Any CPU.Build.0 = Debug|Any CPU
		{9EA54D6B-583F-40E7-A35D-91F6F82B3578}.Release|Any CPU.ActiveCfg = Release|Any CPU
		{9EA54D6B-583F-40E7-A35D-91F6F82B3578}.Release|Any CPU.Build.0 = Release|Any CPU
	EndGlobalSection
EndGlobal
